# THIS IS AN AUTOGENERATED FILE. DO NOT EDIT THIS FILE DIRECTLY.
# yarn lockfile v1


tsparticles-engine@^2.12.0:
  version "2.12.0"
  resolved "https://registry.yarnpkg.com/tsparticles-engine/-/tsparticles-engine-2.12.0.tgz#4a52a8de4ab6085180abf27f4720f47caa1455fc"
  integrity sha512-ZjDIYex6jBJ4iMc9+z0uPe7SgBnmb6l+EJm83MPIsOny9lPpetMsnw/8YJ3xdxn8hV+S3myTpTN1CkOVmFv0QQ==

tsparticles-shape-image@^2.12.0:
  version "2.12.0"
  resolved "https://registry.yarnpkg.com/tsparticles-shape-image/-/tsparticles-shape-image-2.12.0.tgz#02273740d754a872f77434af8d57b5486b920c91"
  integrity sha512-iCkSdUVa40DxhkkYjYuYHr9MJGVw+QnQuN5UC+e/yBgJQY+1tQL8UH0+YU/h0GHTzh5Sm+y+g51gOFxHt1dj7Q==
  dependencies:
    tsparticles-engine "^2.12.0"
